
Microsoft Visual Studio Solution File, Format Version 12.00
# Visual Studio Version 16
VisualStudioVersion = 16.0.33214.272
MinimumVisualStudioVersion = 10.0.40219.1
Project("{FAE04EC0-301F-11D3-BF4B-00C04F79EFBC}") = "pr12_v1_Gurina", "pr12_v1_Gurina.csproj", "{A9942AAB-9606-4B92-932D-DD47519A4B9E}"
EndProject
Global
	GlobalSection(SolutionConfigurationPlatforms) = preSolution
		Debug|Any CPU = Debug|Any CPU
		Release|Any CPU = Release|Any CPU
	EndGlobalSection
	GlobalSection(ProjectConfigurationPlatforms) = postSolution
		{A9942AAB-9606-4B92-932D-DD47519A4B9E}.Debug|Any CPU.ActiveCfg = Debug|Any CPU
		{A9942AAB-9606-4B92-932D-DD47519A4B9E}.Debug|Any CPU.Build.0 = Debug|Any CPU
		{A9942AAB-9606-4B92-932D-DD47519A4B9E}.Release|Any CPU.ActiveCfg = Release|Any CPU
		{A9942AAB-9606-4B92-932D-DD47519A4B9E}.Release|Any CPU.Build.0 = Release|Any CPU
	EndGlobalSection
	GlobalSection(SolutionProperties) = preSolution
		HideSolutionNode = FALSE
	EndGlobalSection
	GlobalSection(ExtensibilityGlobals) = postSolution
		SolutionGuid = {55DE3C2A-CED5-48B7-B0BB-94C3D668E655}
	EndGlobalSection
EndGlobal
